
Microsoft Visual Studio Solution File, Format Version 12.00
# Visual Studio Version 17
VisualStudioVersion = 17.3.32929.385
MinimumVisualStudioVersion = 10.0.40219.1
Project("{FAE04EC0-301F-11D3-BF4B-00C04F79EFBC}") = "MvcCrud", "MvcCrud\MvcCrud.csproj", "{CC7A6952-C584-4447-AC79-6258179BCBBA}"
EndProject
Global
	GlobalSection(SolutionConfigurationPlatforms) = preSolution
		Debug|Any CPU = Debug|Any CPU
		Release|Any CPU = Release|Any CPU
	EndGlobalSection
	GlobalSection(ProjectConfigurationPlatforms) = postSolution
		{CC7A6952-C584-4447-AC79-6258179BCBBA}.Debug|Any CPU.ActiveCfg = Debug|Any CPU
		{CC7A6952-C584-4447-AC79-6258179BCBBA}.Debug|Any CPU.Build.0 = Debug|Any CPU
		{CC7A6952-C584-4447-AC79-6258179BCBBA}.Release|Any CPU.ActiveCfg = Release|Any CPU
		{CC7A6952-C584-4447-AC79-6258179BCBBA}.Release|Any CPU.Build.0 = Release|Any CPU
	EndGlobalSection
	GlobalSection(SolutionProperties) = preSolution
		HideSolutionNode = FALSE
	EndGlobalSection
	GlobalSection(ExtensibilityGlobals) = postSolution
		SolutionGuid = {24B458FD-72ED-4E3A-8F84-1BE40F589A51}
	EndGlobalSection
EndGlobal
